// !$*UTF8*$!
{
	archiveVersion = 1;
	classes = {
	};
	objectVersion = 48;
	objects = {

/* Begin PBXBuildFile section */
		9E23DA6A1FE2EA84002F0E42 /* PosterCollectionViewController.swift in Sources */ = {isa = PBXBuildFile; fileRef = 9E23DA691FE2EA84002F0E42 /* PosterCollectionViewController.swift */; };
		9E23DA6C1FE2EA98002F0E42 /* PosterCollectionViewCell.swift in Sources */ = {isa = PBXBuildFile; fileRef = 9E23DA6B1FE2EA98002F0E42 /* PosterCollectionViewCell.swift */; };
		9E5C995B1FE315A900AF314B /* MainViewController.swift in Sources */ = {isa = PBXBuildFile; fileRef = 9E5C995A1FE315A900AF314B /* MainViewController.swift */; };
		9E5C995D1FE3162D00AF314B /* ChartsTableViewController.swift in Sources */ = {isa = PBXBuildFile; fileRef = 9E5C995C1FE3162D00AF314B /* ChartsTableViewController.swift */; };
		9E5C995F1FE3164100AF314B /* ChartsTableViewCell.swift in Sources */ = {isa = PBXBuildFile; fileRef = 9E5C995E1FE3164100AF314B /* ChartsTableViewCell.swift */; };
		9EF414F31FE2D0E6007D613C /* FeaturedTableViewController.swift in Sources */ = {isa = PBXBuildFile; fileRef = 9EF414F21FE2D0E6007D613C /* FeaturedTableViewController.swift */; };
		9EF414F71FE2D45B007D613C /* BannerCollectionViewCell.swift in Sources */ = {isa = PBXBuildFile; fileRef = 9EF414F61FE2D45B007D613C /* BannerCollectionViewCell.swift */; };
		9EF79DE41FE25E9B00C0D6E2 /* AppDelegate.swift in Sources */ = {isa = PBXBuildFile; fileRef = 9EF79DE31FE25E9B00C0D6E2 /* AppDelegate.swift */; };
		9EF79DE91FE25E9B00C0D6E2 /* Main.storyboard in Resources */ = {isa = PBXBuildFile; fileRef = 9EF79DE71FE25E9B00C0D6E2 /* Main.storyboard */; };
		9EF79DEB1FE25E9B00C0D6E2 /* Assets.xcassets in Resources */ = {isa = PBXBuildFile; fileRef = 9EF79DEA1FE25E9B00C0D6E2 /* Assets.xcassets */; };
		9EF79DEE1FE25E9B00C0D6E2 /* LaunchScreen.storyboard in Resources */ = {isa = PBXBuildFile; fileRef = 9EF79DEC1FE25E9B00C0D6E2 /* LaunchScreen.storyboard */; };
		9EF79DF81FE2600300C0D6E2 /* Model.swift in Sources */ = {isa = PBXBuildFile; fileRef = 9EF79DF71FE2600300C0D6E2 /* Model.swift */; };
/* End PBXBuildFile section */

/* Begin PBXFileReference section */
		9E23DA691FE2EA84002F0E42 /* PosterCollectionViewController.swift */ = {isa = PBXFileReference; lastKnownFileType = sourcecode.swift; path = PosterCollectionViewController.swift; sourceTree = "<group>"; };
		9E23DA6B1FE2EA98002F0E42 /* PosterCollectionViewCell.swift */ = {isa = PBXFileReference; lastKnownFileType = sourcecode.swift; path = PosterCollectionViewCell.swift; sourceTree = "<group>"; };
		9E5C995A1FE315A900AF314B /* MainViewController.swift */ = {isa = PBXFileReference; lastKnownFileType = sourcecode.swift; path = MainViewController.swift; sourceTree = "<group>"; };
		9E5C995C1FE3162D00AF314B /* ChartsTableViewController.swift */ = {isa = PBXFileReference; lastKnownFileType = sourcecode.swift; path = ChartsTableViewController.swift; sourceTree = "<group>"; };
		9E5C995E1FE3164100AF314B /* ChartsTableViewCell.swift */ = {isa = PBXFileReference; lastKnownFileType = sourcecode.swift; path = ChartsTableViewCell.swift; sourceTree = "<group>"; };
		9EF414F21FE2D0E6007D613C /* FeaturedTableViewController.swift */ = {isa = PBXFileReference; lastKnownFileType = sourcecode.swift; path = FeaturedTableViewController.swift; sourceTree = "<group>"; };
		9EF414F61FE2D45B007D613C /* BannerCollectionViewCell.swift */ = {isa = PBXFileReference; lastKnownFileType = sourcecode.swift; path = BannerCollectionViewCell.swift; sourceTree = "<group>"; };
		9EF79DE01FE25E9B00C0D6E2 /* SearchBarTableView.app */ = {isa = PBXFileReference; explicitFileType = wrapper.application; includeInIndex = 0; path = SearchBarTableView.app; sourceTree = BUILT_PRODUCTS_DIR; };
		9EF79DE31FE25E9B00C0D6E2 /* AppDelegate.swift */ = {isa = PBXFileReference; lastKnownFileType = sourcecode.swift; path = AppDelegate.swift; sourceTree = "<group>"; };
		9EF79DE81FE25E9B00C0D6E2 /* Base */ = {isa = PBXFileReference; lastKnownFileType = file.storyboard; name = Base; path = Base.lproj/Main.storyboard; sourceTree = "<group>"; };
		9EF79DEA1FE25E9B00C0D6E2 /* Assets.xcassets */ = {isa = PBXFileReference; lastKnownFileType = folder.assetcatalog; path = Assets.xcassets; sourceTree = "<group>"; };
		9EF79DED1FE25E9B00C0D6E2 /* Base */ = {isa = PBXFileReference; lastKnownFileType = file.storyboard; name = Base; path = Base.lproj/LaunchScreen.storyboard; sourceTree = "<group>"; };
		9EF79DEF1FE25E9B00C0D6E2 /* Info.plist */ = {isa = PBXFileReference; lastKnownFileType = text.plist.xml; path = Info.plist; sourceTree = "<group>"; };
		9EF79DF71FE2600300C0D6E2 /* Model.swift */ = {isa = PBXFileReference; lastKnownFileType = sourcecode.swift; path = Model.swift; sourceTree = "<group>"; };
/* End PBXFileReference section */

/* Begin PBXFrameworksBuildPhase section */
		9EF79DDD1FE25E9B00C0D6E2 /* Frameworks */ = {
			isa = PBXFrameworksBuildPhase;
			buildActionMask = 2147483647;
			files = (
			);
			runOnlyForDeploymentPostprocessing = 0;
		};
/* End PBXFrameworksBuildPhase section */

/* Begin PBXGroup section */
		9EF79DD71FE25E9B00C0D6E2 = {
			isa = PBXGroup;
			children = (
				9EF79DE21FE25E9B00C0D6E2 /* SearchBarTableView */,
				9EF79DE11FE25E9B00C0D6E2 /* Products */,
			);
			sourceTree = "<group>";
		};
		9EF79DE11FE25E9B00C0D6E2 /* Products */ = {
			isa = PBXGroup;
			children = (
				9EF79DE01FE25E9B00C0D6E2 /* SearchBarTableView.app */,
			);
			name = Products;
			sourceTree = "<group>";
		};
		9EF79DE21FE25E9B00C0D6E2 /* SearchBarTableView */ = {
			isa = PBXGroup;
			children = (
				9EF79DE31FE25E9B00C0D6E2 /* AppDelegate.swift */,
				9EF414F21FE2D0E6007D613C /* FeaturedTableViewController.swift */,
				9EF414F61FE2D45B007D613C /* BannerCollectionViewCell.swift */,
				9E23DA691FE2EA84002F0E42 /* PosterCollectionViewController.swift */,
				9E23DA6B1FE2EA98002F0E42 /* PosterCollectionViewCell.swift */,
				9E5C995A1FE315A900AF314B /* MainViewController.swift */,
				9E5C995E1FE3164100AF314B /* ChartsTableViewCell.swift */,
				9E5C995C1FE3162D00AF314B /* ChartsTableViewController.swift */,
				9EF79DF71FE2600300C0D6E2 /* Model.swift */,
				9EF79DE71FE25E9B00C0D6E2 /* Main.storyboard */,
				9EF79DEA1FE25E9B00C0D6E2 /* Assets.xcassets */,
				9EF79DEC1FE25E9B00C0D6E2 /* LaunchScreen.storyboard */,
				9EF79DEF1FE25E9B00C0D6E2 /* Info.plist */,
			);
			path = SearchBarTableView;
			sourceTree = "<group>";
		};
/* End PBXGroup section */

/* Begin PBXNativeTarget section */
		9EF79DDF1FE25E9B00C0D6E2 /* SearchBarTableView */ = {
			isa = PBXNativeTarget;
			buildConfigurationList = 9EF79DF21FE25E9B00C0D6E2 /* Build configuration list for PBXNativeTarget "SearchBarTableView" */;
			buildPhases = (
				9EF79DDC1FE25E9B00C0D6E2 /* Sources */,
				9EF79DDD1FE25E9B00C0D6E2 /* Frameworks */,
				9EF79DDE1FE25E9B00C0D6E2 /* Resources */,
			);
			buildRules = (
			);
			dependencies = (
			);
			name = SearchBarTableView;
			productName = SearchBarTableView;
			productReference = 9EF79DE01FE25E9B00C0D6E2 /* SearchBarTableView.app */;
			productType = "com.apple.product-type.application";
		};
/* End PBXNativeTarget section */

/* Begin PBXProject section */
		9EF79DD81FE25E9B00C0D6E2 /* Project object */ = {
			isa = PBXProject;
			attributes = {
				LastSwiftUpdateCheck = 0910;
				LastUpgradeCheck = 0910;
				ORGANIZATIONNAME = mextech;
				TargetAttributes = {
					9EF79DDF1FE25E9B00C0D6E2 = {
						CreatedOnToolsVersion = 9.1;
						ProvisioningStyle = Automatic;
					};
				};
			};
			buildConfigurationList = 9EF79DDB1FE25E9B00C0D6E2 /* Build configuration list for PBXProject "SearchBarTableView" */;
			compatibilityVersion = "Xcode 8.0";
			developmentRegion = en;
			hasScannedForEncodings = 0;
			knownRegions = (
				en,
				Base,
			);
			mainGroup = 9EF79DD71FE25E9B00C0D6E2;
			productRefGroup = 9EF79DE11FE25E9B00C0D6E2 /* Products */;
			projectDirPath = "";
			projectRoot = "";
			targets = (
				9EF79DDF1FE25E9B00C0D6E2 /* SearchBarTableView */,
			);
		};
/* End PBXProject section */

/* Begin PBXResourcesBuildPhase section */
		9EF79DDE1FE25E9B00C0D6E2 /* Resources */ = {
			isa = PBXResourcesBuildPhase;
			buildActionMask = 2147483647;
			files = (
				9EF79DEE1FE25E9B00C0D6E2 /* LaunchScreen.storyboard in Resources */,
				9EF79DEB1FE25E9B00C0D6E2 /* Assets.xcassets in Resources */,
				9EF79DE91FE25E9B00C0D6E2 /* Main.storyboard in Resources */,
			);
			runOnlyForDeploymentPostprocessing = 0;
		};
/* End PBXResourcesBuildPhase section */

/* Begin PBXSourcesBuildPhase section */
		9EF79DDC1FE25E9B00C0D6E2 /* Sources */ = {
			isa = PBXSourcesBuildPhase;
			buildActionMask = 2147483647;
			files = (
				9E5C995F1FE3164100AF314B /* ChartsTableViewCell.swift in Sources */,
				9E5C995B1FE315A900AF314B /* MainViewController.swift in Sources */,
				9EF414F31FE2D0E6007D613C /* FeaturedTableViewController.swift in Sources */,
				9EF79DF81FE2600300C0D6E2 /* Model.swift in Sources */,
				9EF79DE41FE25E9B00C0D6E2 /* AppDelegate.swift in Sources */,
				9E23DA6C1FE2EA98002F0E42 /* PosterCollectionViewCell.swift in Sources */,
				9E23DA6A1FE2EA84002F0E42 /* PosterCollectionViewController.swift in Sources */,
				9E5C995D1FE3162D00AF314B /* ChartsTableViewController.swift in Sources */,
				9EF414F71FE2D45B007D613C /* BannerCollectionViewCell.swift in Sources */,
			);
			runOnlyForDeploymentPostprocessing = 0;
		};
/* End PBXSourcesBuildPhase section */

/* Begin PBXVariantGroup section */
		9EF79DE71FE25E9B00C0D6E2 /* Main.storyboard */ = {
			isa = PBXVariantGroup;
			children = (
				9EF79DE81FE25E9B00C0D6E2 /* Base */,
			);
			name = Main.storyboard;
			sourceTree = "<group>";
		};
		9EF79DEC1FE25E9B00C0D6E2 /* LaunchScreen.storyboard */ = {
			isa = PBXVariantGroup;
			children = (
				9EF79DED1FE25E9B00C0D6E2 /* Base */,
			);
			name = LaunchScreen.storyboard;
			sourceTree = "<group>";
		};
/* End PBXVariantGroup section */

/* Begin XCBuildConfiguration section */
		9EF79DF01FE25E9B00C0D6E2 /* Debug */ = {
			isa = XCBuildConfiguration;
			buildSettings = {
				ALWAYS_SEARCH_USER_PATHS = NO;
				CLANG_ANALYZER_NONNULL = YES;
				CLANG_ANALYZER_NUMBER_OBJECT_CONVERSION = YES_AGGRESSIVE;
				CLANG_CXX_LANGUAGE_STANDARD = "gnu++14";
				CLANG_CXX_LIBRARY = "libc++";
				CLANG_ENABLE_MODULES = YES;
				CLANG_ENABLE_OBJC_ARC = YES;
				CLANG_WARN_BLOCK_CAPTURE_AUTORELEASING = YES;
				CLANG_WARN_BOOL_CONVERSION = YES;
				CLANG_WARN_COMMA = YES;
				CLANG_WARN_CONSTANT_CONVERSION = YES;
				CLANG_WARN_DIRECT_OBJC_ISA_USAGE = YES_ERROR;
				CLANG_WARN_DOCUMENTATION_COMMENTS = YES;
				CLANG_WARN_EMPTY_BODY = YES;
				CLANG_WARN_ENUM_CONVERSION = YES;
				CLANG_WARN_INFINITE_RECURSION = YES;
				CLANG_WARN_INT_CONVERSION = YES;
				CLANG_WARN_NON_LITERAL_NULL_CONVERSION = YES;
				CLANG_WARN_OBJC_LITERAL_CONVERSION = YES;
				CLANG_WARN_OBJC_ROOT_CLASS = YES_ERROR;
				CLANG_WARN_RANGE_LOOP_ANALYSIS = YES;
				CLANG_WARN_STRICT_PROTOTYPES = YES;
				CLANG_WARN_SUSPICIOUS_MOVE = YES;
				CLANG_WARN_UNGUARDED_AVAILABILITY = YES_AGGRESSIVE;
				CLANG_WARN_UNREACHABLE_CODE = YES;
				CLANG_WARN__DUPLICATE_METHOD_MATCH = YES;
				CODE_SIGN_IDENTITY = "iPhone Developer";
				COPY_PHASE_STRIP = NO;
				DEBUG_INFORMATION_FORMAT = dwarf;
				ENABLE_STRICT_OBJC_MSGSEND = YES;
				ENABLE_TESTABILITY = YES;
				GCC_C_LANGUAGE_STANDARD = gnu11;
				GCC_DYNAMIC_NO_PIC = NO;
				GCC_NO_COMMON_BLOCKS = YES;
				GCC_OPTIMIZATION_LEVEL = 0;
				GCC_PREPROCESSOR_DEFINITIONS = (
					"DEBUG=1",
					"$(inherited)",
				);
				GCC_WARN_64_TO_32_BIT_CONVERSION = YES;
				GCC_WARN_ABOUT_RETURN_TYPE = YES_ERROR;
				GCC_WARN_UNDECLARED_SELECTOR = YES;
				GCC_WARN_UNINITIALIZED_AUTOS = YES_AGGRESSIVE;
				GCC_WARN_UNUSED_FUNCTION = YES;
				GCC_WARN_UNUSED_VARIABLE = YES;
				IPHONEOS_DEPLOYMENT_TARGET = 11.1;
				MTL_ENABLE_DEBUG_INFO = YES;
				ONLY_ACTIVE_ARCH = YES;
				SDKROOT = iphoneos;
				SWIFT_ACTIVE_COMPILATION_CONDITIONS = DEBUG;
				SWIFT_OPTIMIZATION_LEVEL = "-Onone";
			};
			name = Debug;
		};
		9EF79DF11FE25E9B00C0D6E2 /* Release */ = {
			isa = XCBuildConfiguration;
			buildSettings = {
				ALWAYS_SEARCH_USER_PATHS = NO;
				CLANG_ANALYZER_NONNULL = YES;
				CLANG_ANALYZER_NUMBER_OBJECT_CONVERSION = YES_AGGRESSIVE;
				CLANG_CXX_LANGUAGE_STANDARD = "gnu++14";
				CLANG_CXX_LIBRARY = "libc++";
				CLANG_ENABLE_MODULES = YES;
				CLANG_ENABLE_OBJC_ARC = YES;
				CLANG_WARN_BLOCK_CAPTURE_AUTORELEASING = YES;
				CLANG_WARN_BOOL_CONVERSION = YES;
				CLANG_WARN_COMMA = YES;
				CLANG_WARN_CONSTANT_CONVERSION = YES;
				CLANG_WARN_DIRECT_OBJC_ISA_USAGE = YES_ERROR;
				CLANG_WARN_DOCUMENTATION_COMMENTS = YES;
				CLANG_WARN_EMPTY_BODY = YES;
				CLANG_WARN_ENUM_CONVERSION = YES;
				CLANG_WARN_INFINITE_RECURSION = YES;
				CLANG_WARN_INT_CONVERSION = YES;
				CLANG_WARN_NON_LITERAL_NULL_CONVERSION = YES;
				CLANG_WARN_OBJC_LITERAL_CONVERSION = YES;
				CLANG_WARN_OBJC_ROOT_CLASS = YES_ERROR;
				CLANG_WARN_RANGE_LOOP_ANALYSIS = YES;
				CLANG_WARN_STRICT_PROTOTYPES = YES;
				CLANG_WARN_SUSPICIOUS_MOVE = YES;
				CLANG_WARN_UNGUARDED_AVAILABILITY = YES_AGGRESSIVE;
				CLANG_WARN_UNREACHABLE_CODE = YES;
				CLANG_WARN__DUPLICATE_METHOD_MATCH = YES;
				CODE_SIGN_IDENTITY = "iPhone Developer";
				COPY_PHASE_STRIP = NO;
				DEBUG_INFORMATION_FORMAT = "dwarf-with-dsym";
				ENABLE_NS_ASSERTIONS = NO;
				ENABLE_STRICT_OBJC_MSGSEND = YES;
				GCC_C_LANGUAGE_STANDARD = gnu11;
				GCC_NO_COMMON_BLOCKS = YES;
				GCC_WARN_64_TO_32_BIT_CONVERSION = YES;
				GCC_WARN_ABOUT_RETURN_TYPE = YES_ERROR;
				GCC_WARN_UNDECLARED_SELECTOR = YES;
				GCC_WARN_UNINITIALIZED_AUTOS = YES_AGGRESSIVE;
				GCC_WARN_UNUSED_FUNCTION = YES;
				GCC_WARN_UNUSED_VARIABLE = YES;
				IPHONEOS_DEPLOYMENT_TARGET = 11.1;
				MTL_ENABLE_DEBUG_INFO = NO;
				SDKROOT = iphoneos;
				SWIFT_OPTIMIZATION_LEVEL = "-Owholemodule";
				VALIDATE_PRODUCT = YES;
			};
			name = Release;
		};
		9EF79DF31FE25E9B00C0D6E2 /* Debug */ = {
			isa = XCBuildConfiguration;
			buildSettings = {
				ASSETCATALOG_COMPILER_APPICON_NAME = AppIcon;
				"CODE_SIGN_IDENTITY[sdk=iphoneos*]" = "iPhone Developer";
				CODE_SIGN_STYLE = Automatic;
				DEVELOPMENT_TEAM = Y45443RGPJ;
				INFOPLIST_FILE = SearchBarTableView/Info.plist;
				LD_RUNPATH_SEARCH_PATHS = "$(inherited) @executable_path/Frameworks";
				PRODUCT_BUNDLE_IDENTIFIER = mextech.SearchBarTableView;
				PRODUCT_NAME = "$(TARGET_NAME)";
				PROVISIONING_PROFILE_SPECIFIER = "";
				SWIFT_VERSION = 4.0;
				TARGETED_DEVICE_FAMILY = "1,2";
			};
			name = Debug;
		};
		9EF79DF41FE25E9B00C0D6E2 /* Release */ = {
			isa = XCBuildConfiguration;
			buildSettings = {
				ASSETCATALOG_COMPILER_APPICON_NAME = AppIcon;
				"CODE_SIGN_IDENTITY[sdk=iphoneos*]" = "iPhone Developer";
				CODE_SIGN_STYLE = Automatic;
				DEVELOPMENT_TEAM = Y45443RGPJ;
				INFOPLIST_FILE = SearchBarTableView/Info.plist;
				LD_RUNPATH_SEARCH_PATHS = "$(inherited) @executable_path/Frameworks";
				PRODUCT_BUNDLE_IDENTIFIER = mextech.SearchBarTableView;
				PRODUCT_NAME = "$(TARGET_NAME)";
				PROVISIONING_PROFILE_SPECIFIER = "";
				SWIFT_VERSION = 4.0;
				TARGETED_DEVICE_FAMILY = "1,2";
			};
			name = Release;
		};
/* End XCBuildConfiguration section */

/* Begin XCConfigurationList section */
		9EF79DDB1FE25E9B00C0D6E2 /* Build configuration list for PBXProject "SearchBarTableView" */ = {
			isa = XCConfigurationList;
			buildConfigurations = (
				9EF79DF01FE25E9B00C0D6E2 /* Debug */,
				9EF79DF11FE25E9B00C0D6E2 /* Release */,
			);
			defaultConfigurationIsVisible = 0;
			defaultConfigurationName = Release;
		};
		9EF79DF21FE25E9B00C0D6E2 /* Build configuration list for PBXNativeTarget "SearchBarTableView" */ = {
			isa = XCConfigurationList;
			buildConfigurations = (
				9EF79DF31FE25E9B00C0D6E2 /* Debug */,
				9EF79DF41FE25E9B00C0D6E2 /* Release */,
			);
			defaultConfigurationIsVisible = 0;
			defaultConfigurationName = Release;
		};
/* End XCConfigurationList section */
	};
	rootObject = 9EF79DD81FE25E9B00C0D6E2 /* Project object */;
}
